
Microsoft Visual Studio Solution File, Format Version 12.00
# Visual Studio Version 17
VisualStudioVersion = 17.5.33502.453
MinimumVisualStudioVersion = 10.0.40219.1
Project("{9A19103F-16F7-4668-BE54-9A1E7A4F7556}") = "OverTimePay", "OverTimePay.csproj", "{80B515C7-FBEF-464B-B721-3D08BD5B1C4C}"
EndProject
Project("{FAE04EC0-301F-11D3-BF4B-00C04F79EFBC}") = "OverTimePayTests", "..\OverTimePayTests\OverTimePayTests.csproj", "{5A597D8E-5843-493C-87D4-2F56E3463183}"
EndProject
Global
	GlobalSection(SolutionConfigurationPlatforms) = preSolution
		Debug|Any CPU = Debug|Any CPU
		Release|Any CPU = Release|Any CPU
	EndGlobalSection
	GlobalSection(ProjectConfigurationPlatforms) = postSolution
		{80B515C7-FBEF-464B-B721-3D08BD5B1C4C}.Debug|Any CPU.ActiveCfg = Debug|Any CPU
		{80B515C7-FBEF-464B-B721-3D08BD5B1C4C}.Debug|Any CPU.Build.0 = Debug|Any CPU
		{80B515C7-FBEF-464B-B721-3D08BD5B1C4C}.Release|Any CPU.ActiveCfg = Release|Any CPU
		{80B515C7-FBEF-464B-B721-3D08BD5B1C4C}.Release|Any CPU.Build.0 = Release|Any CPU
		{5A597D8E-5843-493C-87D4-2F56E3463183}.Debug|Any CPU.ActiveCfg = Debug|Any CPU
		{5A597D8E-5843-493C-87D4-2F56E3463183}.Debug|Any CPU.Build.0 = Debug|Any CPU
		{5A597D8E-5843-493C-87D4-2F56E3463183}.Release|Any CPU.ActiveCfg = Release|Any CPU
		{5A597D8E-5843-493C-87D4-2F56E3463183}.Release|Any CPU.Build.0 = Release|Any CPU
	EndGlobalSection
	GlobalSection(SolutionProperties) = preSolution
		HideSolutionNode = FALSE
	EndGlobalSection
	GlobalSection(ExtensibilityGlobals) = postSolution
		SolutionGuid = {E79EBB4A-5B7B-408D-A84F-5A14580292D9}
	EndGlobalSection
EndGlobal
