
Microsoft Visual Studio Solution File, Format Version 12.00
# Visual Studio Version 17
VisualStudioVersion = 17.5.33502.453
MinimumVisualStudioVersion = 10.0.40219.1
Project("{FAE04EC0-301F-11D3-BF4B-00C04F79EFBC}") = "NewLicense", "NewLicense.csproj", "{D6508B1D-0318-4F8D-B104-8D53CD257942}"
EndProject
Global
	GlobalSection(SolutionConfigurationPlatforms) = preSolution
		Debug|Any CPU = Debug|Any CPU
		Release|Any CPU = Release|Any CPU
	EndGlobalSection
	GlobalSection(ProjectConfigurationPlatforms) = postSolution
		{D6508B1D-0318-4F8D-B104-8D53CD257942}.Debug|Any CPU.ActiveCfg = Debug|Any CPU
		{D6508B1D-0318-4F8D-B104-8D53CD257942}.Debug|Any CPU.Build.0 = Debug|Any CPU
		{D6508B1D-0318-4F8D-B104-8D53CD257942}.Release|Any CPU.ActiveCfg = Release|Any CPU
		{D6508B1D-0318-4F8D-B104-8D53CD257942}.Release|Any CPU.Build.0 = Release|Any CPU
	EndGlobalSection
	GlobalSection(SolutionProperties) = preSolution
		HideSolutionNode = FALSE
	EndGlobalSection
	GlobalSection(ExtensibilityGlobals) = postSolution
		SolutionGuid = {DB3B4E88-221C-48F5-A146-6268F2592E66}
	EndGlobalSection
EndGlobal
